// !$*UTF8*$!
{
	archiveVersion = 1;
	classes = {
	};
	objectVersion = 46;
	objects = {

/* Begin PBXBuildFile section */
		6AB194BC1B8A1E7A8F60BF94 /* Pods_pickup.framework in Frameworks */ = {isa = PBXBuildFile; fileRef = E4F67677044964968D51B6AF /* Pods_pickup.framework */; };
		AA0CEE2B1D6B79B900ABB682 /* LocationSearchTable.swift in Sources */ = {isa = PBXBuildFile; fileRef = AA0CEE2A1D6B79B900ABB682 /* LocationSearchTable.swift */; };
		AA0CEE2D1D6D630500ABB682 /* EventVC.swift in Sources */ = {isa = PBXBuildFile; fileRef = AA0CEE2C1D6D630500ABB682 /* EventVC.swift */; };
		AA0CEE311D6D679F00ABB682 /* EventCell.swift in Sources */ = {isa = PBXBuildFile; fileRef = AA0CEE301D6D679F00ABB682 /* EventCell.swift */; };
		AA0D5B811CF73FD4005631A3 /* ViewController.swift in Sources */ = {isa = PBXBuildFile; fileRef = AA60F55C1CEFFEC8007B215D /* ViewController.swift */; };
		AA0F36CB1D356F7000E65D41 /* contactProfileVC.swift in Sources */ = {isa = PBXBuildFile; fileRef = AA0F36CA1D356F7000E65D41 /* contactProfileVC.swift */; };
		AA1755EA1D3C311E00FD0782 /* PostsByContactCell.swift in Sources */ = {isa = PBXBuildFile; fileRef = AA1755E91D3C311E00FD0782 /* PostsByContactCell.swift */; };
		AA1755EC1D3C31E000FD0782 /* PostsByContactVC.swift in Sources */ = {isa = PBXBuildFile; fileRef = AA1755EB1D3C31E000FD0782 /* PostsByContactVC.swift */; };
		AA1B0FA31CF37A9400561E54 /* Bolts.framework in Frameworks */ = {isa = PBXBuildFile; fileRef = AA1B0FA01CF37A9400561E54 /* Bolts.framework */; };
		AA1B0FA41CF37A9400561E54 /* FBSDKCoreKit.framework in Frameworks */ = {isa = PBXBuildFile; fileRef = AA1B0FA11CF37A9400561E54 /* FBSDKCoreKit.framework */; };
		AA1B0FA51CF37A9400561E54 /* FBSDKLoginKit.framework in Frameworks */ = {isa = PBXBuildFile; fileRef = AA1B0FA21CF37A9400561E54 /* FBSDKLoginKit.framework */; };
		AA1CE86F1D1320B000CA8F68 /* images.jpg in Resources */ = {isa = PBXBuildFile; fileRef = AA1CE86E1D1320B000CA8F68 /* images.jpg */; };
		AA1E7FBE1D1B5D8E0035EF2C /* CommentVC.swift in Sources */ = {isa = PBXBuildFile; fileRef = AA1E7FBD1D1B5D8D0035EF2C /* CommentVC.swift */; };
		AA1E7FC01D1B5EA40035EF2C /* CommentCell.swift in Sources */ = {isa = PBXBuildFile; fileRef = AA1E7FBF1D1B5EA40035EF2C /* CommentCell.swift */; };
		AA1F12741D70020C00C2BC35 /* GeoMapVC.swift in Sources */ = {isa = PBXBuildFile; fileRef = AA1F12731D70020C00C2BC35 /* GeoMapVC.swift */; };
		AA1F12761D7518C300C2BC35 /* EventAnnot.swift in Sources */ = {isa = PBXBuildFile; fileRef = AA1F12751D7518C200C2BC35 /* EventAnnot.swift */; };
		AA1F12781D763CD800C2BC35 /* Pin.swift in Sources */ = {isa = PBXBuildFile; fileRef = AA1F12771D763CD800C2BC35 /* Pin.swift */; };
		AA1F5DEC1D499BE80004EE0B /* ArrayList.swift in Sources */ = {isa = PBXBuildFile; fileRef = AA1F5DEB1D499BE80004EE0B /* ArrayList.swift */; };
		AA3FBD1D1DC016990048051A /* EventMapByTouchVC.swift in Sources */ = {isa = PBXBuildFile; fileRef = AA3FBD1C1DC016980048051A /* EventMapByTouchVC.swift */; };
		AA414FF21D6972370082D8E0 /* MapKit.framework in Frameworks */ = {isa = PBXBuildFile; fileRef = AA414FF11D6972370082D8E0 /* MapKit.framework */; };
		AA46A47F1D93A1E500F9CC9C /* EditEventVC.swift in Sources */ = {isa = PBXBuildFile; fileRef = AA46A47E1D93A1E500F9CC9C /* EditEventVC.swift */; };
		AA5606EB1D67F7AB004F99F9 /* AddVC.swift in Sources */ = {isa = PBXBuildFile; fileRef = AA5606EA1D67F7AB004F99F9 /* AddVC.swift */; };
		AA5730AF1D1C659B00B5CAD9 /* Comment.swift in Sources */ = {isa = PBXBuildFile; fileRef = AA5730AE1D1C659B00B5CAD9 /* Comment.swift */; };
		AA57FC0F1D42E28300DB76F0 /* EditProfileVC.swift in Sources */ = {isa = PBXBuildFile; fileRef = AA57FC0E1D42E28300DB76F0 /* EditProfileVC.swift */; };
		AA5D7BB01D383D8D00B25496 /* FriendsVC.swift in Sources */ = {isa = PBXBuildFile; fileRef = AA5D7BAF1D383D8D00B25496 /* FriendsVC.swift */; };
		AA5D7BB21D383DC300B25496 /* FriendsCell.swift in Sources */ = {isa = PBXBuildFile; fileRef = AA5D7BB11D383DC300B25496 /* FriendsCell.swift */; };
		AA5D7BB41D38699700B25496 /* PostsByUserVC.swift in Sources */ = {isa = PBXBuildFile; fileRef = AA5D7BB31D38699700B25496 /* PostsByUserVC.swift */; };
		AA5D7BB61D39A5CB00B25496 /* PostsByUserCell.swift in Sources */ = {isa = PBXBuildFile; fileRef = AA5D7BB51D39A5CB00B25496 /* PostsByUserCell.swift */; };
		AA5E12C81D8F22DE00FC9A16 /* PlayVideoVC.swift in Sources */ = {isa = PBXBuildFile; fileRef = AA5E12C71D8F22DD00FC9A16 /* PlayVideoVC.swift */; };
		AA5E12CB1D8F2CDE00FC9A16 /* AVFoundation.framework in Frameworks */ = {isa = PBXBuildFile; fileRef = AA5E12C91D8F2CDE00FC9A16 /* AVFoundation.framework */; };
		AA5E12CC1D8F2CDE00FC9A16 /* AVKit.framework in Frameworks */ = {isa = PBXBuildFile; fileRef = AA5E12CA1D8F2CDE00FC9A16 /* AVKit.framework */; };
		AA5E12D31D90BAA400FC9A16 /* play@2x.png in Resources */ = {isa = PBXBuildFile; fileRef = AA5E12D21D90BAA400FC9A16 /* play@2x.png */; };
		AA5FEC591D306C9B002EA1CF /* ProfileVC.swift in Sources */ = {isa = PBXBuildFile; fileRef = AA5FEC581D306C9B002EA1CF /* ProfileVC.swift */; };
		AA5FEC5F1D340CB2002EA1CF /* ContactsVC.swift in Sources */ = {isa = PBXBuildFile; fileRef = AA5FEC5E1D340CB2002EA1CF /* ContactsVC.swift */; };
		AA60C04E1D6664F600A4A056 /* car.png in Resources */ = {isa = PBXBuildFile; fileRef = AA60C04D1D6664F600A4A056 /* car.png */; };
		AA60E0B31D61F8F100321FF2 /* MapUserAnnotation.swift in Sources */ = {isa = PBXBuildFile; fileRef = AA60E0B21D61F8F100321FF2 /* MapUserAnnotation.swift */; };
		AA60E0B51D62C83400321FF2 /* Run.swift in Sources */ = {isa = PBXBuildFile; fileRef = AA60E0B41D62C83400321FF2 /* Run.swift */; };
		AA60E0B71D62C86200321FF2 /* Location.swift in Sources */ = {isa = PBXBuildFile; fileRef = AA60E0B61D62C86200321FF2 /* Location.swift */; };
		AA60E0BA1D62C93900321FF2 /* PickUp.xcdatamodeld in Sources */ = {isa = PBXBuildFile; fileRef = AA60E0B81D62C93900321FF2 /* PickUp.xcdatamodeld */; };
		AA60F55B1CEFFEC8007B215D /* AppDelegate.swift in Sources */ = {isa = PBXBuildFile; fileRef = AA60F55A1CEFFEC8007B215D /* AppDelegate.swift */; };
		AA60F5621CEFFEC8007B215D /* Assets.xcassets in Resources */ = {isa = PBXBuildFile; fileRef = AA60F5611CEFFEC8007B215D /* Assets.xcassets */; };
		AA60F5651CEFFEC8007B215D /* LaunchScreen.storyboard in Resources */ = {isa = PBXBuildFile; fileRef = AA60F5631CEFFEC8007B215D /* LaunchScreen.storyboard */; };
		AA74BABD1D18B74F0069E11F /* Main.storyboard in Resources */ = {isa = PBXBuildFile; fileRef = AA74BABB1D18B74F0069E11F /* Main.storyboard */; };
		AA82A10E1D347F4100A133B1 /* ContactCell.swift in Sources */ = {isa = PBXBuildFile; fileRef = AA82A10D1D347F4100A133B1 /* ContactCell.swift */; };
		AA82A1101D34858700A133B1 /* Contact.swift in Sources */ = {isa = PBXBuildFile; fileRef = AA82A10F1D34858700A133B1 /* Contact.swift */; };
		AA8845951D6D725C00785AC9 /* Event.swift in Sources */ = {isa = PBXBuildFile; fileRef = AA8845941D6D725C00785AC9 /* Event.swift */; };
		AA8845991D6E48B800785AC9 /* EventDetailVC.swift in Sources */ = {isa = PBXBuildFile; fileRef = AA8845981D6E48B800785AC9 /* EventDetailVC.swift */; };
		AA88459B1D6E9A1800785AC9 /* EventDetailCell.swift in Sources */ = {isa = PBXBuildFile; fileRef = AA88459A1D6E9A1800785AC9 /* EventDetailCell.swift */; };
		AA8EB02C1CF4318700B5E542 /* GoogleService-Info.plist in Resources */ = {isa = PBXBuildFile; fileRef = AA8EB02B1CF4318700B5E542 /* GoogleService-Info.plist */; };
		AA8EB02E1CF5224E00B5E542 /* FeedVC.swift in Sources */ = {isa = PBXBuildFile; fileRef = AA8EB02D1CF5224E00B5E542 /* FeedVC.swift */; };
		AA8EB0301CF5237E00B5E542 /* PostCell.swift in Sources */ = {isa = PBXBuildFile; fileRef = AA8EB02F1CF5237E00B5E542 /* PostCell.swift */; };
		AA8EB0321CF55D3000B5E542 /* Post.swift in Sources */ = {isa = PBXBuildFile; fileRef = AA8EB0311CF55D3000B5E542 /* Post.swift */; };
		AA922ACA1DA33270002550F3 /* Notification.swift in Sources */ = {isa = PBXBuildFile; fileRef = AA922AC91DA33270002550F3 /* Notification.swift */; };
		AAA5B8891D5E965C00EFEB7E /* GeoFire.m in Sources */ = {isa = PBXBuildFile; fileRef = AAA5B8801D5E965B00EFEB7E /* GeoFire.m */; };
		AAA5B88A1D5E965C00EFEB7E /* GFBase32Utils.m in Sources */ = {isa = PBXBuildFile; fileRef = AAA5B8821D5E965B00EFEB7E /* GFBase32Utils.m */; };
		AAA5B88B1D5E965C00EFEB7E /* GFGeoHash.m in Sources */ = {isa = PBXBuildFile; fileRef = AAA5B8841D5E965B00EFEB7E /* GFGeoHash.m */; };
		AAA5B88C1D5E965C00EFEB7E /* GFGeoHashQuery.m in Sources */ = {isa = PBXBuildFile; fileRef = AAA5B8861D5E965B00EFEB7E /* GFGeoHashQuery.m */; };
		AAA5B88D1D5E965C00EFEB7E /* GFQuery.m in Sources */ = {isa = PBXBuildFile; fileRef = AAA5B8881D5E965B00EFEB7E /* GFQuery.m */; };
		AAA5B8951D5EAE3400EFEB7E /* MapVC.swift in Sources */ = {isa = PBXBuildFile; fileRef = AAA5B8941D5EAE3400EFEB7E /* MapVC.swift */; };
		AAA5B8971D5EE95F00EFEB7E /* CoreLocation.framework in Frameworks */ = {isa = PBXBuildFile; fileRef = AAA5B8961D5EE95F00EFEB7E /* CoreLocation.framework */; };
		AAAB3BBA1DA575F000396920 /* NotificationVC.swift in Sources */ = {isa = PBXBuildFile; fileRef = AAAB3BB91DA575F000396920 /* NotificationVC.swift */; };
		AAAB3BBC1DA5766000396920 /* NotificationCell.swift in Sources */ = {isa = PBXBuildFile; fileRef = AAAB3BBB1DA5766000396920 /* NotificationCell.swift */; };
		AAAFAF5E1D9CC8D800588A89 /* users.png in Resources */ = {isa = PBXBuildFile; fileRef = AAAFAF581D9CC8D800588A89 /* users.png */; };
		AAAFAF5F1D9CC8D800588A89 /* users@2x.png in Resources */ = {isa = PBXBuildFile; fileRef = AAAFAF591D9CC8D800588A89 /* users@2x.png */; };
		AAAFAF601D9CC8D800588A89 /* users@3x.png in Resources */ = {isa = PBXBuildFile; fileRef = AAAFAF5A1D9CC8D800588A89 /* users@3x.png */; };
		AAAFAF611D9CC8D800588A89 /* news.png in Resources */ = {isa = PBXBuildFile; fileRef = AAAFAF5B1D9CC8D800588A89 /* news.png */; };
		AAAFAF621D9CC8D800588A89 /* news@2x.png in Resources */ = {isa = PBXBuildFile; fileRef = AAAFAF5C1D9CC8D800588A89 /* news@2x.png */; };
		AAAFAF631D9CC8D800588A89 /* news@3x.png in Resources */ = {isa = PBXBuildFile; fileRef = AAAFAF5D1D9CC8D800588A89 /* news@3x.png */; };
		AAB2EABF1D8A257C0075607D /* Extensions.swift in Sources */ = {isa = PBXBuildFile; fileRef = AAB2EABE1D8A257C0075607D /* Extensions.swift */; };
		AABAAFCB1DAEE07300B4C5B3 /* commentIcon.png in Resources */ = {isa = PBXBuildFile; fileRef = AABAAFC71DAEE07300B4C5B3 /* commentIcon.png */; };
		AABAAFCC1DAEE07300B4C5B3 /* corner.png in Resources */ = {isa = PBXBuildFile; fileRef = AABAAFC81DAEE07300B4C5B3 /* corner.png */; };
		AABAAFCD1DAEE07300B4C5B3 /* followIcon.png in Resources */ = {isa = PBXBuildFile; fileRef = AABAAFC91DAEE07300B4C5B3 /* followIcon.png */; };
		AABAAFCE1DAEE07300B4C5B3 /* likeIcon.png in Resources */ = {isa = PBXBuildFile; fileRef = AABAAFCA1DAEE07300B4C5B3 /* likeIcon.png */; };
		AABAAFD01DAEE10900B4C5B3 /* tabbarVC.swift in Sources */ = {isa = PBXBuildFile; fileRef = AABAAFCF1DAEE10900B4C5B3 /* tabbarVC.swift */; };
		AABC312A1D582D48002F8216 /* ImageShowVC.swift in Sources */ = {isa = PBXBuildFile; fileRef = AABC31291D582D48002F8216 /* ImageShowVC.swift */; };
		AADD4CFB1DC40DA9007E2D2C /* EditEventMapByTouchVC.swift in Sources */ = {isa = PBXBuildFile; fileRef = AADD4CFA1DC40DA9007E2D2C /* EditEventMapByTouchVC.swift */; };
		AAED90B01CF3B705006C4EFE /* MaterialView.swift in Sources */ = {isa = PBXBuildFile; fileRef = AAED90AF1CF3B705006C4EFE /* MaterialView.swift */; };
		AAED90B41CF3B7E3006C4EFE /* Constants.swift in Sources */ = {isa = PBXBuildFile; fileRef = AAED90B31CF3B7E3006C4EFE /* Constants.swift */; };
		AAED90B61CF3BD99006C4EFE /* MaterialButton.swift in Sources */ = {isa = PBXBuildFile; fileRef = AAED90B51CF3BD99006C4EFE /* MaterialButton.swift */; };
		AAED90B81CF3C4BD006C4EFE /* MaterialTextField.swift in Sources */ = {isa = PBXBuildFile; fileRef = AAED90B71CF3C4BD006C4EFE /* MaterialTextField.swift */; };
		AAED90BB1CF3CED2006C4EFE /* DataService.swift in Sources */ = {isa = PBXBuildFile; fileRef = AAED90BA1CF3CED2006C4EFE /* DataService.swift */; };
		AAF6570F1D9A43DB00EA3982 /* home.png in Resources */ = {isa = PBXBuildFile; fileRef = AAF6570E1D9A43DB00EA3982 /* home.png */; };
		AAF657111D9A43E400EA3982 /* home@2x.png in Resources */ = {isa = PBXBuildFile; fileRef = AAF657101D9A43E400EA3982 /* home@2x.png */; };
		AAF657131D9A43EA00EA3982 /* home@3x.png in Resources */ = {isa = PBXBuildFile; fileRef = AAF657121D9A43EA00EA3982 /* home@3x.png */; };
		AAF657151D9A451400EA3982 /* pp.jpg in Resources */ = {isa = PBXBuildFile; fileRef = AAF657141D9A451400EA3982 /* pp.jpg */; };
		AAF657171D9A451C00EA3982 /* pbg.jpg in Resources */ = {isa = PBXBuildFile; fileRef = AAF657161D9A451C00EA3982 /* pbg.jpg */; };
		AAF657191D9A45D700EA3982 /* imageHere.png in Resources */ = {isa = PBXBuildFile; fileRef = AAF657181D9A45D700EA3982 /* imageHere.png */; };
		AAFAB8A31D7E33CF003B5423 /* EventCommentVC.swift in Sources */ = {isa = PBXBuildFile; fileRef = AAFAB8A21D7E33CF003B5423 /* EventCommentVC.swift */; };
		AAFAB8A51D7E3439003B5423 /* EventCommentCell.swift in Sources */ = {isa = PBXBuildFile; fileRef = AAFAB8A41D7E3439003B5423 /* EventCommentCell.swift */; };
		AAFAB8A71D7E35A7003B5423 /* EventComment.swift in Sources */ = {isa = PBXBuildFile; fileRef = AAFAB8A61D7E35A7003B5423 /* EventComment.swift */; };
		AAFAB8A91D7F98D4003B5423 /* ContactSearchTable.swift in Sources */ = {isa = PBXBuildFile; fileRef = AAFAB8A81D7F98D4003B5423 /* ContactSearchTable.swift */; };
		AAFAB8AF1D827EEE003B5423 /* SearchVC.swift in Sources */ = {isa = PBXBuildFile; fileRef = AAFAB8AE1D827EEE003B5423 /* SearchVC.swift */; };
		AAFAB8B21D827F5C003B5423 /* CustomSearchBar.swift in Sources */ = {isa = PBXBuildFile; fileRef = AAFAB8B11D827F5C003B5423 /* CustomSearchBar.swift */; };
		AAFAB8B41D827F8F003B5423 /* CustomSearchController.swift in Sources */ = {isa = PBXBuildFile; fileRef = AAFAB8B31D827F8F003B5423 /* CustomSearchController.swift */; };
		AAFAB8B61D827FE6003B5423 /* countries.txt in Resources */ = {isa = PBXBuildFile; fileRef = AAFAB8B51D827FE6003B5423 /* countries.txt */; };
		AAFAB8BA1D833F35003B5423 /* SearchCell.swift in Sources */ = {isa = PBXBuildFile; fileRef = AAFAB8B91D833F35003B5423 /* SearchCell.swift */; };
/* End PBXBuildFile section */

/* Begin PBXFileReference section */
		1E62F153EAC9FF3891840277 /* Pods.framework */ = {isa = PBXFileReference; explicitFileType = wrapper.framework; includeInIndex = 0; path = Pods.framework; sourceTree = BUILT_PRODUCTS_DIR; };
		21CB840AF98FDFB7288423B5 /* Pods-pickup.release.xcconfig */ = {isa = PBXFileReference; includeInIndex = 1; lastKnownFileType = text.xcconfig; name = "Pods-pickup.release.xcconfig"; path = "Pods/Target Support Files/Pods-pickup/Pods-pickup.release.xcconfig"; sourceTree = "<group>"; };
		8E939FCC00DCD815771D58E7 /* Pods-pickup.debug.xcconfig */ = {isa = PBXFileReference; includeInIndex = 1; lastKnownFileType = text.xcconfig; name = "Pods-pickup.debug.xcconfig"; path = "Pods/Target Support Files/Pods-pickup/Pods-pickup.debug.xcconfig"; sourceTree = "<group>"; };
		AA0CEE2A1D6B79B900ABB682 /* LocationSearchTable.swift */ = {isa = PBXFileReference; fileEncoding = 4; lastKnownFileType = sourcecode.swift; path = LocationSearchTable.swift; sourceTree = "<group>"; };
		AA0CEE2C1D6D630500ABB682 /* EventVC.swift */ = {isa = PBXFileReference; fileEncoding = 4; lastKnownFileType = sourcecode.swift; path = EventVC.swift; sourceTree = "<group>"; };
		AA0CEE301D6D679F00ABB682 /* EventCell.swift */ = {isa = PBXFileReference; fileEncoding = 4; lastKnownFileType = sourcecode.swift; path = EventCell.swift; sourceTree = "<group>"; };
		AA0F36CA1D356F7000E65D41 /* contactProfileVC.swift */ = {isa = PBXFileReference; fileEncoding = 4; lastKnownFileType = sourcecode.swift; path = contactProfileVC.swift; sourceTree = "<group>"; };
		AA1755E91D3C311E00FD0782 /* PostsByContactCell.swift */ = {isa = PBXFileReference; fileEncoding = 4; lastKnownFileType = sourcecode.swift; path = PostsByContactCell.swift; sourceTree = "<group>"; };
		AA1755EB1D3C31E000FD0782 /* PostsByContactVC.swift */ = {isa = PBXFileReference; fileEncoding = 4; lastKnownFileType = sourcecode.swift; path = PostsByContactVC.swift; sourceTree = "<group>"; };
		AA1B0FA01CF37A9400561E54 /* Bolts.framework */ = {isa = PBXFileReference; lastKnownFileType = wrapper.framework; path = Bolts.framework; sourceTree = "<group>"; };
		AA1B0FA11CF37A9400561E54 /* FBSDKCoreKit.framework */ = {isa = PBXFileReference; lastKnownFileType = wrapper.framework; path = FBSDKCoreKit.framework; sourceTree = "<group>"; };
		AA1B0FA21CF37A9400561E54 /* FBSDKLoginKit.framework */ = {isa = PBXFileReference; lastKnownFileType = wrapper.framework; path = FBSDKLoginKit.framework; sourceTree = "<group>"; };
		AA1CE86E1D1320B000CA8F68 /* images.jpg */ = {isa = PBXFileReference; lastKnownFileType = image.jpeg; path = images.jpg; sourceTree = "<group>"; };
		AA1E7FBD1D1B5D8D0035EF2C /* CommentVC.swift */ = {isa = PBXFileReference; fileEncoding = 4; lastKnownFileType = sourcecode.swift; path = CommentVC.swift; sourceTree = "<group>"; };
		AA1E7FBF1D1B5EA40035EF2C /* CommentCell.swift */ = {isa = PBXFileReference; fileEncoding = 4; lastKnownFileType = sourcecode.swift; path = CommentCell.swift; sourceTree = "<group>"; };
		AA1F12731D70020C00C2BC35 /* GeoMapVC.swift */ = {isa = PBXFileReference; fileEncoding = 4; lastKnownFileType = sourcecode.swift; path = GeoMapVC.swift; sourceTree = "<group>"; };
		AA1F12751D7518C200C2BC35 /* EventAnnot.swift */ = {isa = PBXFileReference; fileEncoding = 4; lastKnownFileType = sourcecode.swift; path = EventAnnot.swift; sourceTree = "<group>"; };
		AA1F12771D763CD800C2BC35 /* Pin.swift */ = {isa = PBXFileReference; fileEncoding = 4; lastKnownFileType = sourcecode.swift; path = Pin.swift; sourceTree = "<group>"; };
		AA1F5DEB1D499BE80004EE0B /* ArrayList.swift */ = {isa = PBXFileReference; fileEncoding = 4; lastKnownFileType = sourcecode.swift; path = ArrayList.swift; sourceTree = "<group>"; };
		AA3FBD1C1DC016980048051A /* EventMapByTouchVC.swift */ = {isa = PBXFileReference; fileEncoding = 4; lastKnownFileType = sourcecode.swift; path = EventMapByTouchVC.swift; sourceTree = "<group>"; };
		AA414FF11D6972370082D8E0 /* MapKit.framework */ = {isa = PBXFileReference; lastKnownFileType = wrapper.framework; name = MapKit.framework; path = System/Library/Frameworks/MapKit.framework; sourceTree = SDKROOT; };
		AA46A47E1D93A1E500F9CC9C /* EditEventVC.swift */ = {isa = PBXFileReference; fileEncoding = 4; lastKnownFileType = sourcecode.swift; path = EditEventVC.swift; sourceTree = "<group>"; };
		AA5606EA1D67F7AB004F99F9 /* AddVC.swift */ = {isa = PBXFileReference; fileEncoding = 4; lastKnownFileType = sourcecode.swift; path = AddVC.swift; sourceTree = "<group>"; };
		AA5730AE1D1C659B00B5CAD9 /* Comment.swift */ = {isa = PBXFileReference; fileEncoding = 4; lastKnownFileType = sourcecode.swift; path = Comment.swift; sourceTree = "<group>"; };
		AA57FC0E1D42E28300DB76F0 /* EditProfileVC.swift */ = {isa = PBXFileReference; fileEncoding = 4; lastKnownFileType = sourcecode.swift; path = EditProfileVC.swift; sourceTree = "<group>"; };
		AA5D7BAF1D383D8D00B25496 /* FriendsVC.swift */ = {isa = PBXFileReference; fileEncoding = 4; lastKnownFileType = sourcecode.swift; path = FriendsVC.swift; sourceTree = "<group>"; };
		AA5D7BB11D383DC300B25496 /* FriendsCell.swift */ = {isa = PBXFileReference; fileEncoding = 4; lastKnownFileType = sourcecode.swift; path = FriendsCell.swift; sourceTree = "<group>"; };
		AA5D7BB31D38699700B25496 /* PostsByUserVC.swift */ = {isa = PBXFileReference; fileEncoding = 4; lastKnownFileType = sourcecode.swift; path = PostsByUserVC.swift; sourceTree = "<group>"; };
		AA5D7BB51D39A5CB00B25496 /* PostsByUserCell.swift */ = {isa = PBXFileReference; fileEncoding = 4; lastKnownFileType = sourcecode.swift; path = PostsByUserCell.swift; sourceTree = "<group>"; };
		AA5E12C71D8F22DD00FC9A16 /* PlayVideoVC.swift */ = {isa = PBXFileReference; fileEncoding = 4; lastKnownFileType = sourcecode.swift; path = PlayVideoVC.swift; sourceTree = "<group>"; };
		AA5E12C91D8F2CDE00FC9A16 /* AVFoundation.framework */ = {isa = PBXFileReference; lastKnownFileType = wrapper.framework; name = AVFoundation.framework; path = System/Library/Frameworks/AVFoundation.framework; sourceTree = SDKROOT; };
		AA5E12CA1D8F2CDE00FC9A16 /* AVKit.framework */ = {isa = PBXFileReference; lastKnownFileType = wrapper.framework; name = AVKit.framework; path = System/Library/Frameworks/AVKit.framework; sourceTree = SDKROOT; };
		AA5E12D21D90BAA400FC9A16 /* play@2x.png */ = {isa = PBXFileReference; lastKnownFileType = image.png; path = "play@2x.png"; sourceTree = "<group>"; };
		AA5FEC581D306C9B002EA1CF /* ProfileVC.swift */ = {isa = PBXFileReference; fileEncoding = 4; lastKnownFileType = sourcecode.swift; name = ProfileVC.swift; path = pickup/ProfileVC.swift; sourceTree = "<group>"; };
		AA5FEC5E1D340CB2002EA1CF /* ContactsVC.swift */ = {isa = PBXFileReference; fileEncoding = 4; lastKnownFileType = sourcecode.swift; path = ContactsVC.swift; sourceTree = "<group>"; };
		AA60C04D1D6664F600A4A056 /* car.png */ = {isa = PBXFileReference; lastKnownFileType = image.png; path = car.png; sourceTree = "<group>"; };
		AA60E0B21D61F8F100321FF2 /* MapUserAnnotation.swift */ = {isa = PBXFileReference; fileEncoding = 4; lastKnownFileType = sourcecode.swift; path = MapUserAnnotation.swift; sourceTree = "<group>"; };
		AA60E0B41D62C83400321FF2 /* Run.swift */ = {isa = PBXFileReference; fileEncoding = 4; lastKnownFileType = sourcecode.swift; path = Run.swift; sourceTree = "<group>"; };
		AA60E0B61D62C86200321FF2 /* Location.swift */ = {isa = PBXFileReference; fileEncoding = 4; lastKnownFileType = sourcecode.swift; path = Location.swift; sourceTree = "<group>"; };
		AA60E0B91D62C93900321FF2 /* PickUp.xcdatamodel */ = {isa = PBXFileReference; lastKnownFileType = wrapper.xcdatamodel; path = PickUp.xcdatamodel; sourceTree = "<group>"; };
		AA60F5571CEFFEC8007B215D /* pickup.app */ = {isa = PBXFileReference; explicitFileType = wrapper.application; includeInIndex = 0; path = pickup.app; sourceTree = BUILT_PRODUCTS_DIR; };
		AA60F55A1CEFFEC8007B215D /* AppDelegate.swift */ = {isa = PBXFileReference; lastKnownFileType = sourcecode.swift; path = AppDelegate.swift; sourceTree = "<group>"; };
		AA60F55C1CEFFEC8007B215D /* ViewController.swift */ = {isa = PBXFileReference; lastKnownFileType = sourcecode.swift; name = ViewController.swift; path = pickup/ViewController.swift; sourceTree = "<group>"; };
		AA60F5611CEFFEC8007B215D /* Assets.xcassets */ = {isa = PBXFileReference; lastKnownFileType = folder.assetcatalog; path = Assets.xcassets; sourceTree = "<group>"; };
		AA60F5641CEFFEC8007B215D /* Base */ = {isa = PBXFileReference; lastKnownFileType = file.storyboard; name = Base; path = Base.lproj/LaunchScreen.storyboard; sourceTree = "<group>"; };
		AA60F5661CEFFEC8007B215D /* Info.plist */ = {isa = PBXFileReference; lastKnownFileType = text.plist.xml; path = Info.plist; sourceTree = "<group>"; };
		AA74BABC1D18B74F0069E11F /* Base */ = {isa = PBXFileReference; lastKnownFileType = file.storyboard; name = Base; path = Base.lproj/Main.storyboard; sourceTree = "<group>"; };
		AA82A10D1D347F4100A133B1 /* ContactCell.swift */ = {isa = PBXFileReference; fileEncoding = 4; lastKnownFileType = sourcecode.swift; path = ContactCell.swift; sourceTree = "<group>"; };
		AA82A10F1D34858700A133B1 /* Contact.swift */ = {isa = PBXFileReference; fileEncoding = 4; lastKnownFileType = sourcecode.swift; path = Contact.swift; sourceTree = "<group>"; };
		AA8845941D6D725C00785AC9 /* Event.swift */ = {isa = PBXFileReference; fileEncoding = 4; lastKnownFileType = sourcecode.swift; path = Event.swift; sourceTree = "<group>"; };
		AA8845981D6E48B800785AC9 /* EventDetailVC.swift */ = {isa = PBXFileReference; fileEncoding = 4; lastKnownFileType = sourcecode.swift; path = EventDetailVC.swift; sourceTree = "<group>"; };
		AA88459A1D6E9A1800785AC9 /* EventDetailCell.swift */ = {isa = PBXFileReference; fileEncoding = 4; lastKnownFileType = sourcecode.swift; path = EventDetailCell.swift; sourceTree = "<group>"; };
		AA8EB02B1CF4318700B5E542 /* GoogleService-Info.plist */ = {isa = PBXFileReference; fileEncoding = 4; lastKnownFileType = text.plist.xml; path = "GoogleService-Info.plist"; sourceTree = "<group>"; };
		AA8EB02D1CF5224E00B5E542 /* FeedVC.swift */ = {isa = PBXFileReference; fileEncoding = 4; lastKnownFileType = sourcecode.swift; path = FeedVC.swift; sourceTree = "<group>"; };
		AA8EB02F1CF5237E00B5E542 /* PostCell.swift */ = {isa = PBXFileReference; fileEncoding = 4; lastKnownFileType = sourcecode.swift; path = PostCell.swift; sourceTree = "<group>"; };
		AA8EB0311CF55D3000B5E542 /* Post.swift */ = {isa = PBXFileReference; fileEncoding = 4; lastKnownFileType = sourcecode.swift; path = Post.swift; sourceTree = "<group>"; };
		AA922AC91DA33270002550F3 /* Notification.swift */ = {isa = PBXFileReference; fileEncoding = 4; lastKnownFileType = sourcecode.swift; path = Notification.swift; sourceTree = "<group>"; };
		AAA5B8791D5E965B00EFEB7E /* GeoFire.h */ = {isa = PBXFileReference; fileEncoding = 4; lastKnownFileType = sourcecode.c.h; path = GeoFire.h; sourceTree = "<group>"; };
		AAA5B87A1D5E965B00EFEB7E /* GFCircleQuery.h */ = {isa = PBXFileReference; fileEncoding = 4; lastKnownFileType = sourcecode.c.h; path = GFCircleQuery.h; sourceTree = "<group>"; };
		AAA5B87B1D5E965B00EFEB7E /* GFQuery.h */ = {isa = PBXFileReference; fileEncoding = 4; lastKnownFileType = sourcecode.c.h; path = GFQuery.h; sourceTree = "<group>"; };
		AAA5B87C1D5E965B00EFEB7E /* GFRegionQuery.h */ = {isa = PBXFileReference; fileEncoding = 4; lastKnownFileType = sourcecode.c.h; path = GFRegionQuery.h; sourceTree = "<group>"; };
		AAA5B87D1D5E965B00EFEB7E /* GeoFire-Prefix.pch */ = {isa = PBXFileReference; fileEncoding = 4; lastKnownFileType = sourcecode.c.h; path = "GeoFire-Prefix.pch"; sourceTree = "<group>"; };
		AAA5B87F1D5E965B00EFEB7E /* GeoFire+Private.h */ = {isa = PBXFileReference; fileEncoding = 4; lastKnownFileType = sourcecode.c.h; path = "GeoFire+Private.h"; sourceTree = "<group>"; };
		AAA5B8801D5E965B00EFEB7E /* GeoFire.m */ = {isa = PBXFileReference; fileEncoding = 4; lastKnownFileType = sourcecode.c.objc; path = GeoFire.m; sourceTree = "<group>"; };
		AAA5B8811D5E965B00EFEB7E /* GFBase32Utils.h */ = {isa = PBXFileReference; fileEncoding = 4; lastKnownFileType = sourcecode.c.h; path = GFBase32Utils.h; sourceTree = "<group>"; };
		AAA5B8821D5E965B00EFEB7E /* GFBase32Utils.m */ = {isa = PBXFileReference; fileEncoding = 4; lastKnownFileType = sourcecode.c.objc; path = GFBase32Utils.m; sourceTree = "<group>"; };
		AAA5B8831D5E965B00EFEB7E /* GFGeoHash.h */ = {isa = PBXFileReference; fileEncoding = 4; lastKnownFileType = sourcecode.c.h; path = GFGeoHash.h; sourceTree = "<group>"; };
		AAA5B8841D5E965B00EFEB7E /* GFGeoHash.m */ = {isa = PBXFileReference; fileEncoding = 4; lastKnownFileType = sourcecode.c.objc; path = GFGeoHash.m; sourceTree = "<group>"; };
		AAA5B8851D5E965B00EFEB7E /* GFGeoHashQuery.h */ = {isa = PBXFileReference; fileEncoding = 4; lastKnownFileType = sourcecode.c.h; path = GFGeoHashQuery.h; sourceTree = "<group>"; };
		AAA5B8861D5E965B00EFEB7E /* GFGeoHashQuery.m */ = {isa = PBXFileReference; fileEncoding = 4; lastKnownFileType = sourcecode.c.objc; path = GFGeoHashQuery.m; sourceTree = "<group>"; };
		AAA5B8871D5E965B00EFEB7E /* GFQuery+Private.h */ = {isa = PBXFileReference; fileEncoding = 4; lastKnownFileType = sourcecode.c.h; path = "GFQuery+Private.h"; sourceTree = "<group>"; };
		AAA5B8881D5E965B00EFEB7E /* GFQuery.m */ = {isa = PBXFileReference; fileEncoding = 4; lastKnownFileType = sourcecode.c.objc; path = GFQuery.m; sourceTree = "<group>"; };
		AAA5B8931D5E99EB00EFEB7E /* pickup-Bridging-Header.h */ = {isa = PBXFileReference; fileEncoding = 4; lastKnownFileType = sourcecode.c.h; path = "pickup-Bridging-Header.h"; sourceTree = "<group>"; };
		AAA5B8941D5EAE3400EFEB7E /* MapVC.swift */ = {isa = PBXFileReference; fileEncoding = 4; lastKnownFileType = sourcecode.swift; path = MapVC.swift; sourceTree = "<group>"; };
		AAA5B8961D5EE95F00EFEB7E /* CoreLocation.framework */ = {isa = PBXFileReference; lastKnownFileType = wrapper.framework; name = CoreLocation.framework; path = System/Library/Frameworks/CoreLocation.framework; sourceTree = SDKROOT; };
		AAAB3BB91DA575F000396920 /* NotificationVC.swift */ = {isa = PBXFileReference; fileEncoding = 4; lastKnownFileType = sourcecode.swift; path = NotificationVC.swift; sourceTree = "<group>"; };
		AAAB3BBB1DA5766000396920 /* NotificationCell.swift */ = {isa = PBXFileReference; fileEncoding = 4; lastKnownFileType = sourcecode.swift; path = NotificationCell.swift; sourceTree = "<group>"; };
		AAAFAF581D9CC8D800588A89 /* users.png */ = {isa = PBXFileReference; lastKnownFileType = image.png; path = users.png; sourceTree = "<group>"; };
		AAAFAF591D9CC8D800588A89 /* users@2x.png */ = {isa = PBXFileReference; lastKnownFileType = image.png; path = "users@2x.png"; sourceTree = "<group>"; };
		AAAFAF5A1D9CC8D800588A89 /* users@3x.png */ = {isa = PBXFileReference; lastKnownFileType = image.png; path = "users@3x.png"; sourceTree = "<group>"; };
		AAAFAF5B1D9CC8D800588A89 /* news.png */ = {isa = PBXFileReference; lastKnownFileType = image.png; path = news.png; sourceTree = "<group>"; };
		AAAFAF5C1D9CC8D800588A89 /* news@2x.png */ = {isa = PBXFileReference; lastKnownFileType = image.png; path = "news@2x.png"; sourceTree = "<group>"; };
		AAAFAF5D1D9CC8D800588A89 /* news@3x.png */ = {isa = PBXFileReference; lastKnownFileType = image.png; path = "news@3x.png"; sourceTree = "<group>"; };
		AAB2EABE1D8A257C0075607D /* Extensions.swift */ = {isa = PBXFileReference; fileEncoding = 4; lastKnownFileType = sourcecode.swift; path = Extensions.swift; sourceTree = "<group>"; };
		AABAAFC71DAEE07300B4C5B3 /* commentIcon.png */ = {isa = PBXFileReference; lastKnownFileType = image.png; path = commentIcon.png; sourceTree = "<group>"; };
		AABAAFC81DAEE07300B4C5B3 /* corner.png */ = {isa = PBXFileReference; lastKnownFileType = image.png; path = corner.png; sourceTree = "<group>"; };
		AABAAFC91DAEE07300B4C5B3 /* followIcon.png */ = {isa = PBXFileReference; lastKnownFileType = image.png; path = followIcon.png; sourceTree = "<group>"; };
		AABAAFCA1DAEE07300B4C5B3 /* likeIcon.png */ = {isa = PBXFileReference; lastKnownFileType = image.png; path = likeIcon.png; sourceTree = "<group>"; };
		AABAAFCF1DAEE10900B4C5B3 /* tabbarVC.swift */ = {isa = PBXFileReference; fileEncoding = 4; lastKnownFileType = sourcecode.swift; path = tabbarVC.swift; sourceTree = "<group>"; };
		AABC31291D582D48002F8216 /* ImageShowVC.swift */ = {isa = PBXFileReference; fileEncoding = 4; lastKnownFileType = sourcecode.swift; path = ImageShowVC.swift; sourceTree = "<group>"; };
		AADD4CFA1DC40DA9007E2D2C /* EditEventMapByTouchVC.swift */ = {isa = PBXFileReference; fileEncoding = 4; lastKnownFileType = sourcecode.swift; path = EditEventMapByTouchVC.swift; sourceTree = "<group>"; };
		AAED90AF1CF3B705006C4EFE /* MaterialView.swift */ = {isa = PBXFileReference; fileEncoding = 4; lastKnownFileType = sourcecode.swift; path = MaterialView.swift; sourceTree = "<group>"; };
		AAED90B31CF3B7E3006C4EFE /* Constants.swift */ = {isa = PBXFileReference; fileEncoding = 4; lastKnownFileType = sourcecode.swift; path = Constants.swift; sourceTree = "<group>"; };
		AAED90B51CF3BD99006C4EFE /* MaterialButton.swift */ = {isa = PBXFileReference; fileEncoding = 4; lastKnownFileType = sourcecode.swift; path = MaterialButton.swift; sourceTree = "<group>"; };
		AAED90B71CF3C4BD006C4EFE /* MaterialTextField.swift */ = {isa = PBXFileReference; fileEncoding = 4; lastKnownFileType = sourcecode.swift; path = MaterialTextField.swift; sourceTree = "<group>"; };
		AAED90BA1CF3CED2006C4EFE /* DataService.swift */ = {isa = PBXFileReference; fileEncoding = 4; lastKnownFileType = sourcecode.swift; path = DataService.swift; sourceTree = "<group>"; };
		AAF6570E1D9A43DB00EA3982 /* home.png */ = {isa = PBXFileReference; lastKnownFileType = image.png; path = home.png; sourceTree = "<group>"; };
		AAF657101D9A43E400EA3982 /* home@2x.png */ = {isa = PBXFileReference; lastKnownFileType = image.png; path = "home@2x.png"; sourceTree = "<group>"; };
		AAF657121D9A43EA00EA3982 /* home@3x.png */ = {isa = PBXFileReference; lastKnownFileType = image.png; path = "home@3x.png"; sourceTree = "<group>"; };
		AAF657141D9A451400EA3982 /* pp.jpg */ = {isa = PBXFileReference; lastKnownFileType = image.jpeg; path = pp.jpg; sourceTree = "<group>"; };
		AAF657161D9A451C00EA3982 /* pbg.jpg */ = {isa = PBXFileReference; lastKnownFileType = image.jpeg; path = pbg.jpg; sourceTree = "<group>"; };
		AAF657181D9A45D700EA3982 /* imageHere.png */ = {isa = PBXFileReference; lastKnownFileType = image.png; path = imageHere.png; sourceTree = "<group>"; };
		AAFAB8A21D7E33CF003B5423 /* EventCommentVC.swift */ = {isa = PBXFileReference; fileEncoding = 4; lastKnownFileType = sourcecode.swift; path = EventCommentVC.swift; sourceTree = "<group>"; };
		AAFAB8A41D7E3439003B5423 /* EventCommentCell.swift */ = {isa = PBXFileReference; fileEncoding = 4; lastKnownFileType = sourcecode.swift; path = EventCommentCell.swift; sourceTree = "<group>"; };
		AAFAB8A61D7E35A7003B5423 /* EventComment.swift */ = {isa = PBXFileReference; fileEncoding = 4; lastKnownFileType = sourcecode.swift; path = EventComment.swift; sourceTree = "<group>"; };
		AAFAB8A81D7F98D4003B5423 /* ContactSearchTable.swift */ = {isa = PBXFileReference; fileEncoding = 4; lastKnownFileType = sourcecode.swift; name = ContactSearchTable.swift; path = pickup/ContactSearchTable.swift; sourceTree = "<group>"; };
		AAFAB8AE1D827EEE003B5423 /* SearchVC.swift */ = {isa = PBXFileReference; fileEncoding = 4; lastKnownFileType = sourcecode.swift; path = SearchVC.swift; sourceTree = "<group>"; };
		AAFAB8B11D827F5C003B5423 /* CustomSearchBar.swift */ = {isa = PBXFileReference; fileEncoding = 4; lastKnownFileType = sourcecode.swift; path = CustomSearchBar.swift; sourceTree = "<group>"; };
		AAFAB8B31D827F8F003B5423 /* CustomSearchController.swift */ = {isa = PBXFileReference; fileEncoding = 4; lastKnownFileType = sourcecode.swift; path = CustomSearchController.swift; sourceTree = "<group>"; };
		AAFAB8B51D827FE6003B5423 /* countries.txt */ = {isa = PBXFileReference; fileEncoding = 4; lastKnownFileType = text; path = countries.txt; sourceTree = "<group>"; };
		AAFAB8B91D833F35003B5423 /* SearchCell.swift */ = {isa = PBXFileReference; fileEncoding = 4; lastKnownFileType = sourcecode.swift; path = SearchCell.swift; sourceTree = "<group>"; };
		E4F67677044964968D51B6AF /* Pods_pickup.framework */ = {isa = PBXFileReference; explicitFileType = wrapper.framework; includeInIndex = 0; path = Pods_pickup.framework; sourceTree = BUILT_PRODUCTS_DIR; };
/* End PBXFileReference section */

/* Begin PBXFrameworksBuildPhase section */
		AA60F5541CEFFEC8007B215D /* Frameworks */ = {
			isa = PBXFrameworksBuildPhase;
			buildActionMask = 2147483647;
			files = (
				AA5E12CB1D8F2CDE00FC9A16 /* AVFoundation.framework in Frameworks */,
				AA5E12CC1D8F2CDE00FC9A16 /* AVKit.framework in Frameworks */,
				AAA5B8971D5EE95F00EFEB7E /* CoreLocation.framework in Frameworks */,
				AA1B0FA41CF37A9400561E54 /* FBSDKCoreKit.framework in Frameworks */,
				AA1B0FA51CF37A9400561E54 /* FBSDKLoginKit.framework in Frameworks */,
				AA1B0FA31CF37A9400561E54 /* Bolts.framework in Frameworks */,
				AA414FF21D6972370082D8E0 /* MapKit.framework in Frameworks */,
				6AB194BC1B8A1E7A8F60BF94 /* Pods_pickup.framework in Frameworks */,
			);
			runOnlyForDeploymentPostprocessing = 0;
		};
/* End PBXFrameworksBuildPhase section */

/* Begin PBXGroup section */
		AA1B0F991CF3794600561E54 /* Framework */ = {
			isa = PBXGroup;
			children = (
				AA1B0FA01CF37A9400561E54 /* Bolts.framework */,
				AA1B0FA11CF37A9400561E54 /* FBSDKCoreKit.framework */,
				AA1B0FA21CF37A9400561E54 /* FBSDKLoginKit.framework */,
			);
			name = Framework;
			path = ..;
			sourceTree = "<group>";
		};
		AA4B52301CF416B100506763 /* Support-files */ = {
			isa = PBXGroup;
			children = (
				AABAAFC71DAEE07300B4C5B3 /* commentIcon.png */,
				AABAAFC81DAEE07300B4C5B3 /* corner.png */,
				AABAAFC91DAEE07300B4C5B3 /* followIcon.png */,
				AABAAFCA1DAEE07300B4C5B3 /* likeIcon.png */,
				AAF657141D9A451400EA3982 /* pp.jpg */,
				AAF657181D9A45D700EA3982 /* imageHere.png */,
				AAF657161D9A451C00EA3982 /* pbg.jpg */,
				AAF6570E1D9A43DB00EA3982 /* home.png */,
				AAF657101D9A43E400EA3982 /* home@2x.png */,
				AAF657121D9A43EA00EA3982 /* home@3x.png */,
				AA1CE86E1D1320B000CA8F68 /* images.jpg */,
				AA5E12D21D90BAA400FC9A16 /* play@2x.png */,
				AAAFAF581D9CC8D800588A89 /* users.png */,
				AAAFAF591D9CC8D800588A89 /* users@2x.png */,
				AAAFAF5A1D9CC8D800588A89 /* users@3x.png */,
				AAAFAF5B1D9CC8D800588A89 /* news.png */,
				AAAFAF5C1D9CC8D800588A89 /* news@2x.png */,
				AAAFAF5D1D9CC8D800588A89 /* news@3x.png */,
			);
			name = "Support-files";
			sourceTree = "<group>";
		};
		AA60F54E1CEFFEC8007B215D = {
			isa = PBXGroup;
			children = (
				AA60F5591CEFFEC8007B215D /* pickup */,
				AA60F5581CEFFEC8007B215D /* Products */,
				AF41082B002E25450983FAD3 /* Frameworks */,
				CC080BEEC9402A672C11D7D5 /* Pods */,
			);
			sourceTree = "<group>";
		};
		AA60F5581CEFFEC8007B215D /* Products */ = {
			isa = PBXGroup;
			children = (
				AA60F5571CEFFEC8007B215D /* pickup.app */,
			);
			name = Products;
			sourceTree = "<group>";
		};
		AA60F5591CEFFEC8007B215D /* pickup */ = {
			isa = PBXGroup;
			children = (
				AAB2EABD1D8A25580075607D /* Helpers */,
				AAA5B8771D5E965B00EFEB7E /* GeoFire */,
				AA4B52301CF416B100506763 /* Support-files */,
				AAED90B91CF3CEB4006C4EFE /* Services */,
				AAED90B21CF3B7B7006C4EFE /* Util */,
				AA1B0F991CF3794600561E54 /* Framework */,
				AAED90AB1CF3A878006C4EFE /* Controller */,
				AAED90AC1CF3A890006C4EFE /* Model */,
				AAED90AD1CF3A89D006C4EFE /* View */,
				AAED90AE1CF3A8AA006C4EFE /* Resources */,
				AA60F55A1CEFFEC8007B215D /* AppDelegate.swift */,
				AA8EB02B1CF4318700B5E542 /* GoogleService-Info.plist */,
				AA60F5611CEFFEC8007B215D /* Assets.xcassets */,
				AA60F5631CEFFEC8007B215D /* LaunchScreen.storyboard */,
				AA74BABB1D18B74F0069E11F /* Main.storyboard */,
				AA60F5661CEFFEC8007B215D /* Info.plist */,
				AAA5B8931D5E99EB00EFEB7E /* pickup-Bridging-Header.h */,
			);
			path = pickup;
			sourceTree = "<group>";
		};
		AAA5B8771D5E965B00EFEB7E /* GeoFire */ = {
			isa = PBXGroup;
			children = (
				AAA5B8781D5E965B00EFEB7E /* API */,
				AAA5B87D1D5E965B00EFEB7E /* GeoFire-Prefix.pch */,
				AAA5B87E1D5E965B00EFEB7E /* Implementation */,
			);
			path = GeoFire;
			sourceTree = "<group>";
		};
		AAA5B8781D5E965B00EFEB7E /* API */ = {
			isa = PBXGroup;
			children = (
				AAA5B8791D5E965B00EFEB7E /* GeoFire.h */,
				AAA5B87A1D5E965B00EFEB7E /* GFCircleQuery.h */,
				AAA5B87B1D5E965B00EFEB7E /* GFQuery.h */,
				AAA5B87C1D5E965B00EFEB7E /* GFRegionQuery.h */,
			);
			path = API;
			sourceTree = "<group>";
		};
		AAA5B87E1D5E965B00EFEB7E /* Implementation */ = {
			isa = PBXGroup;
			children = (
				AAA5B87F1D5E965B00EFEB7E /* GeoFire+Private.h */,
				AAA5B8801D5E965B00EFEB7E /* GeoFire.m */,
				AAA5B8811D5E965B00EFEB7E /* GFBase32Utils.h */,
				AAA5B8821D5E965B00EFEB7E /* GFBase32Utils.m */,
				AAA5B8831D5E965B00EFEB7E /* GFGeoHash.h */,
				AAA5B8841D5E965B00EFEB7E /* GFGeoHash.m */,
				AAA5B8851D5E965B00EFEB7E /* GFGeoHashQuery.h */,
				AAA5B8861D5E965B00EFEB7E /* GFGeoHashQuery.m */,
				AAA5B8871D5E965B00EFEB7E /* GFQuery+Private.h */,
				AAA5B8881D5E965B00EFEB7E /* GFQuery.m */,
			);
			path = Implementation;
			sourceTree = "<group>";
		};
		AAB2EABD1D8A25580075607D /* Helpers */ = {
			isa = PBXGroup;
			children = (
				AAB2EABE1D8A257C0075607D /* Extensions.swift */,
			);
			name = Helpers;
			sourceTree = "<group>";
		};
		AAED90AB1CF3A878006C4EFE /* Controller */ = {
			isa = PBXGroup;
			children = (
				AA60C04D1D6664F600A4A056 /* car.png */,
				AA5E12C71D8F22DD00FC9A16 /* PlayVideoVC.swift */,
				AA60F55C1CEFFEC8007B215D /* ViewController.swift */,
				AA1E7FBD1D1B5D8D0035EF2C /* CommentVC.swift */,
				AAFAB8A21D7E33CF003B5423 /* EventCommentVC.swift */,
				AA5FEC581D306C9B002EA1CF /* ProfileVC.swift */,
				AAFAB8A81D7F98D4003B5423 /* ContactSearchTable.swift */,
				AA0F36CA1D356F7000E65D41 /* contactProfileVC.swift */,
				AA5D7BAF1D383D8D00B25496 /* FriendsVC.swift */,
				AA5D7BB31D38699700B25496 /* PostsByUserVC.swift */,
				AA1755EB1D3C31E000FD0782 /* PostsByContactVC.swift */,
				AA57FC0E1D42E28300DB76F0 /* EditProfileVC.swift */,
				AABC31291D582D48002F8216 /* ImageShowVC.swift */,
				AA60E0B81D62C93900321FF2 /* PickUp.xcdatamodeld */,
				AA0CEE2A1D6B79B900ABB682 /* LocationSearchTable.swift */,
				AA5FEC5E1D340CB2002EA1CF /* ContactsVC.swift */,
				AAAB3BB91DA575F000396920 /* NotificationVC.swift */,
				AABAAFCF1DAEE10900B4C5B3 /* tabbarVC.swift */,
				AAA5B8941D5EAE3400EFEB7E /* MapVC.swift */,
				AA1F12731D70020C00C2BC35 /* GeoMapVC.swift */,
				AA8845981D6E48B800785AC9 /* EventDetailVC.swift */,
				AA8EB02D1CF5224E00B5E542 /* FeedVC.swift */,
				AA0CEE2C1D6D630500ABB682 /* EventVC.swift */,
				AA5606EA1D67F7AB004F99F9 /* AddVC.swift */,
				AA3FBD1C1DC016980048051A /* EventMapByTouchVC.swift */,
				AA46A47E1D93A1E500F9CC9C /* EditEventVC.swift */,
				AADD4CFA1DC40DA9007E2D2C /* EditEventMapByTouchVC.swift */,
				AAFAB8B01D827F27003B5423 /* Search */,
			);
			name = Controller;
			path = ..;
			sourceTree = "<group>";
		};
		AAED90AC1CF3A890006C4EFE /* Model */ = {
			isa = PBXGroup;
			children = (
				AA8EB0311CF55D3000B5E542 /* Post.swift */,
				AA5730AE1D1C659B00B5CAD9 /* Comment.swift */,
				AA82A10F1D34858700A133B1 /* Contact.swift */,
				AA1F5DEB1D499BE80004EE0B /* ArrayList.swift */,
				AA60E0B21D61F8F100321FF2 /* MapUserAnnotation.swift */,
				AA60E0B41D62C83400321FF2 /* Run.swift */,
				AA60E0B61D62C86200321FF2 /* Location.swift */,
				AA8845941D6D725C00785AC9 /* Event.swift */,
				AA1F12751D7518C200C2BC35 /* EventAnnot.swift */,
				AA1F12771D763CD800C2BC35 /* Pin.swift */,
				AAFAB8A61D7E35A7003B5423 /* EventComment.swift */,
				AA922AC91DA33270002550F3 /* Notification.swift */,
			);
			name = Model;
			path = ..;
			sourceTree = "<group>";
		};
		AAED90AD1CF3A89D006C4EFE /* View */ = {
			isa = PBXGroup;
			children = (
				AAED90AF1CF3B705006C4EFE /* MaterialView.swift */,
				AAED90B51CF3BD99006C4EFE /* MaterialButton.swift */,
				AAED90B71CF3C4BD006C4EFE /* MaterialTextField.swift */,
				AA8EB02F1CF5237E00B5E542 /* PostCell.swift */,
				AA82A10D1D347F4100A133B1 /* ContactCell.swift */,
				AA5D7BB11D383DC300B25496 /* FriendsCell.swift */,
				AA5D7BB51D39A5CB00B25496 /* PostsByUserCell.swift */,
				AA1755E91D3C311E00FD0782 /* PostsByContactCell.swift */,
				AA0CEE301D6D679F00ABB682 /* EventCell.swift */,
				AA88459A1D6E9A1800785AC9 /* EventDetailCell.swift */,
				AA1E7FBF1D1B5EA40035EF2C /* CommentCell.swift */,
				AAFAB8A41D7E3439003B5423 /* EventCommentCell.swift */,
				AAAB3BBB1DA5766000396920 /* NotificationCell.swift */,
			);
			name = View;
			path = ..;
			sourceTree = "<group>";
		};
		AAED90AE1CF3A8AA006C4EFE /* Resources */ = {
			isa = PBXGroup;
			children = (
			);
			name = Resources;
			path = ..;
			sourceTree = "<group>";
		};
		AAED90B21CF3B7B7006C4EFE /* Util */ = {
			isa = PBXGroup;
			children = (
				AAED90B31CF3B7E3006C4EFE /* Constants.swift */,
			);
			name = Util;
			sourceTree = "<group>";
		};
		AAED90B91CF3CEB4006C4EFE /* Services */ = {
			isa = PBXGroup;
			children = (
				AAED90BA1CF3CED2006C4EFE /* DataService.swift */,
			);
			name = Services;
			sourceTree = "<group>";
		};
		AAFAB8B01D827F27003B5423 /* Search */ = {
			isa = PBXGroup;
			children = (
				AAFAB8AE1D827EEE003B5423 /* SearchVC.swift */,
				AAFAB8B91D833F35003B5423 /* SearchCell.swift */,
				AAFAB8B51D827FE6003B5423 /* countries.txt */,
				AAFAB8B11D827F5C003B5423 /* CustomSearchBar.swift */,
				AAFAB8B31D827F8F003B5423 /* CustomSearchController.swift */,
			);
			name = Search;
			sourceTree = "<group>";
		};
		AF41082B002E25450983FAD3 /* Frameworks */ = {
			isa = PBXGroup;
			children = (
				AA5E12C91D8F2CDE00FC9A16 /* AVFoundation.framework */,
				AA5E12CA1D8F2CDE00FC9A16 /* AVKit.framework */,
				AA414FF11D6972370082D8E0 /* MapKit.framework */,
				AAA5B8961D5EE95F00EFEB7E /* CoreLocation.framework */,
				1E62F153EAC9FF3891840277 /* Pods.framework */,
				E4F67677044964968D51B6AF /* Pods_pickup.framework */,
			);
			name = Frameworks;
			sourceTree = "<group>";
		};
		CC080BEEC9402A672C11D7D5 /* Pods */ = {
			isa = PBXGroup;
			children = (
				8E939FCC00DCD815771D58E7 /* Pods-pickup.debug.xcconfig */,
				21CB840AF98FDFB7288423B5 /* Pods-pickup.release.xcconfig */,
			);
			name = Pods;
			sourceTree = "<group>";
		};
/* End PBXGroup section */

/* Begin PBXNativeTarget section */
		AA60F5561CEFFEC8007B215D /* pickup */ = {
			isa = PBXNativeTarget;
			buildConfigurationList = AA60F5691CEFFEC8007B215D /* Build configuration list for PBXNativeTarget "pickup" */;
			buildPhases = (
				F5052FEFF8A7F9BC640A1D7C /* [CP] Check Pods Manifest.lock */,
				AA60F5531CEFFEC8007B215D /* Sources */,
				AA60F5541CEFFEC8007B215D /* Frameworks */,
				AA60F5551CEFFEC8007B215D /* Resources */,
				EA1D1B05AA34820866462D41 /* [CP] Embed Pods Frameworks */,
				D926D613B826539EAAC13F17 /* [CP] Copy Pods Resources */,
			);
			buildRules = (
			);
			dependencies = (
			);
			name = pickup;
			productName = pickup;
			productReference = AA60F5571CEFFEC8007B215D /* pickup.app */;
			productType = "com.apple.product-type.application";
		};
/* End PBXNativeTarget section */

/* Begin PBXProject section */
		AA60F54F1CEFFEC8007B215D /* Project object */ = {
			isa = PBXProject;
			attributes = {
				LastSwiftUpdateCheck = 0730;
				LastUpgradeCheck = 1030;
				ORGANIZATIONNAME = "christian landa";
				TargetAttributes = {
					AA60F5561CEFFEC8007B215D = {
						CreatedOnToolsVersion = 7.3;
						DevelopmentTeam = ZFRU6SA44A;
						LastSwiftMigration = 1000;
						ProvisioningStyle = Manual;
						SystemCapabilities = {
							com.apple.BackgroundModes = {
								enabled = 1;
							};
							com.apple.Maps.iOS = {
								enabled = 1;
							};
							com.apple.Push = {
								enabled = 1;
							};
						};
					};
				};
			};
			buildConfigurationList = AA60F5521CEFFEC8007B215D /* Build configuration list for PBXProject "pickup" */;
			compatibilityVersion = "Xcode 3.2";
			developmentRegion = English;
			hasScannedForEncodings = 0;
			knownRegions = (
				English,
				en,
				Base,
			);
			mainGroup = AA60F54E1CEFFEC8007B215D;
			productRefGroup = AA60F5581CEFFEC8007B215D /* Products */;
			projectDirPath = "";
			projectRoot = "";
			targets = (
				AA60F5561CEFFEC8007B215D /* pickup */,
			);
		};
/* End PBXProject section */

/* Begin PBXResourcesBuildPhase section */
		AA60F5551CEFFEC8007B215D /* Resources */ = {
			isa = PBXResourcesBuildPhase;
			buildActionMask = 2147483647;
			files = (
				AAFAB8B61D827FE6003B5423 /* countries.txt in Resources */,
				AA60C04E1D6664F600A4A056 /* car.png in Resources */,
				AAAFAF611D9CC8D800588A89 /* news.png in Resources */,
				AAAFAF621D9CC8D800588A89 /* news@2x.png in Resources */,
				AABAAFCC1DAEE07300B4C5B3 /* corner.png in Resources */,
				AABAAFCB1DAEE07300B4C5B3 /* commentIcon.png in Resources */,
				AAF657111D9A43E400EA3982 /* home@2x.png in Resources */,
				AAAFAF5E1D9CC8D800588A89 /* users.png in Resources */,
				AAF657131D9A43EA00EA3982 /* home@3x.png in Resources */,
				AAAFAF601D9CC8D800588A89 /* users@3x.png in Resources */,
				AABAAFCD1DAEE07300B4C5B3 /* followIcon.png in Resources */,
				AAF657171D9A451C00EA3982 /* pbg.jpg in Resources */,
				AAF6570F1D9A43DB00EA3982 /* home.png in Resources */,
				AABAAFCE1DAEE07300B4C5B3 /* likeIcon.png in Resources */,
				AA60F5651CEFFEC8007B215D /* LaunchScreen.storyboard in Resources */,
				AA74BABD1D18B74F0069E11F /* Main.storyboard in Resources */,
				AA1CE86F1D1320B000CA8F68 /* images.jpg in Resources */,
				AAF657191D9A45D700EA3982 /* imageHere.png in Resources */,
				AAAFAF631D9CC8D800588A89 /* news@3x.png in Resources */,
				AAAFAF5F1D9CC8D800588A89 /* users@2x.png in Resources */,
				AA8EB02C1CF4318700B5E542 /* GoogleService-Info.plist in Resources */,
				AAF657151D9A451400EA3982 /* pp.jpg in Resources */,
				AA5E12D31D90BAA400FC9A16 /* play@2x.png in Resources */,
				AA60F5621CEFFEC8007B215D /* Assets.xcassets in Resources */,
			);
			runOnlyForDeploymentPostprocessing = 0;
		};
/* End PBXResourcesBuildPhase section */

/* Begin PBXShellScriptBuildPhase section */
		D926D613B826539EAAC13F17 /* [CP] Copy Pods Resources */ = {
			isa = PBXShellScriptBuildPhase;
			buildActionMask = 2147483647;
			files = (
			);
			inputPaths = (
			);
			name = "[CP] Copy Pods Resources";
			outputPaths = (
			);
			runOnlyForDeploymentPostprocessing = 0;
			shellPath = /bin/sh;
			shellScript = "\"${SRCROOT}/Pods/Target Support Files/Pods-pickup/Pods-pickup-resources.sh\"\n";
			showEnvVarsInLog = 0;
		};
		EA1D1B05AA34820866462D41 /* [CP] Embed Pods Frameworks */ = {
			isa = PBXShellScriptBuildPhase;
			buildActionMask = 2147483647;
			files = (
			);
			inputPaths = (
			);
			name = "[CP] Embed Pods Frameworks";
			outputPaths = (
			);
			runOnlyForDeploymentPostprocessing = 0;
			shellPath = /bin/sh;
			shellScript = "\"${SRCROOT}/Pods/Target Support Files/Pods-pickup/Pods-pickup-frameworks.sh\"\n";
			showEnvVarsInLog = 0;
		};
		F5052FEFF8A7F9BC640A1D7C /* [CP] Check Pods Manifest.lock */ = {
			isa = PBXShellScriptBuildPhase;
			buildActionMask = 2147483647;
			files = (
			);
			inputPaths = (
			);
			name = "[CP] Check Pods Manifest.lock";
			outputPaths = (
			);
			runOnlyForDeploymentPostprocessing = 0;
			shellPath = /bin/sh;
			shellScript = "diff \"${PODS_ROOT}/../Podfile.lock\" \"${PODS_ROOT}/Manifest.lock\" > /dev/null\nif [ $? != 0 ] ; then\n    # print error to STDERR\n    echo \"error: The sandbox is not in sync with the Podfile.lock. Run 'pod install' or update your CocoaPods installation.\" >&2\n    exit 1\nfi\n";
			showEnvVarsInLog = 0;
		};
/* End PBXShellScriptBuildPhase section */

/* Begin PBXSourcesBuildPhase section */
		AA60F5531CEFFEC8007B215D /* Sources */ = {
			isa = PBXSourcesBuildPhase;
			buildActionMask = 2147483647;
			files = (
				AA0D5B811CF73FD4005631A3 /* ViewController.swift in Sources */,
				AAFAB8BA1D833F35003B5423 /* SearchCell.swift in Sources */,
				AA5D7BB01D383D8D00B25496 /* FriendsVC.swift in Sources */,
				AAA5B88C1D5E965C00EFEB7E /* GFGeoHashQuery.m in Sources */,
				AA0F36CB1D356F7000E65D41 /* contactProfileVC.swift in Sources */,
				AA1755EA1D3C311E00FD0782 /* PostsByContactCell.swift in Sources */,
				AA88459B1D6E9A1800785AC9 /* EventDetailCell.swift in Sources */,
				AA82A10E1D347F4100A133B1 /* ContactCell.swift in Sources */,
				AA1F12741D70020C00C2BC35 /* GeoMapVC.swift in Sources */,
				AA60E0BA1D62C93900321FF2 /* PickUp.xcdatamodeld in Sources */,
				AA1F5DEC1D499BE80004EE0B /* ArrayList.swift in Sources */,
				AAA5B88D1D5E965C00EFEB7E /* GFQuery.m in Sources */,
				AA82A1101D34858700A133B1 /* Contact.swift in Sources */,
				AAA5B88A1D5E965C00EFEB7E /* GFBase32Utils.m in Sources */,
				AA0CEE2D1D6D630500ABB682 /* EventVC.swift in Sources */,
				AAFAB8B21D827F5C003B5423 /* CustomSearchBar.swift in Sources */,
				AA8EB0301CF5237E00B5E542 /* PostCell.swift in Sources */,
				AA5FEC591D306C9B002EA1CF /* ProfileVC.swift in Sources */,
				AA1E7FBE1D1B5D8E0035EF2C /* CommentVC.swift in Sources */,
				AAED90B81CF3C4BD006C4EFE /* MaterialTextField.swift in Sources */,
				AABAAFD01DAEE10900B4C5B3 /* tabbarVC.swift in Sources */,
				AA1755EC1D3C31E000FD0782 /* PostsByContactVC.swift in Sources */,
				AA5D7BB41D38699700B25496 /* PostsByUserVC.swift in Sources */,
				AA60E0B31D61F8F100321FF2 /* MapUserAnnotation.swift in Sources */,
				AAA5B8951D5EAE3400EFEB7E /* MapVC.swift in Sources */,
				AA8EB02E1CF5224E00B5E542 /* FeedVC.swift in Sources */,
				AA8845991D6E48B800785AC9 /* EventDetailVC.swift in Sources */,
				AAED90BB1CF3CED2006C4EFE /* DataService.swift in Sources */,
				AAB2EABF1D8A257C0075607D /* Extensions.swift in Sources */,
				AA1F12761D7518C300C2BC35 /* EventAnnot.swift in Sources */,
				AA5D7BB21D383DC300B25496 /* FriendsCell.swift in Sources */,
				AAED90B01CF3B705006C4EFE /* MaterialView.swift in Sources */,
				AAAB3BBA1DA575F000396920 /* NotificationVC.swift in Sources */,
				AA0CEE311D6D679F00ABB682 /* EventCell.swift in Sources */,
				AA5606EB1D67F7AB004F99F9 /* AddVC.swift in Sources */,
				AA60E0B71D62C86200321FF2 /* Location.swift in Sources */,
				AA5E12C81D8F22DE00FC9A16 /* PlayVideoVC.swift in Sources */,
				AAA5B8891D5E965C00EFEB7E /* GeoFire.m in Sources */,
				AA60F55B1CEFFEC8007B215D /* AppDelegate.swift in Sources */,
				AA5D7BB61D39A5CB00B25496 /* PostsByUserCell.swift in Sources */,
				AA5730AF1D1C659B00B5CAD9 /* Comment.swift in Sources */,
				AA1F12781D763CD800C2BC35 /* Pin.swift in Sources */,
				AAFAB8AF1D827EEE003B5423 /* SearchVC.swift in Sources */,
				AAA5B88B1D5E965C00EFEB7E /* GFGeoHash.m in Sources */,
				AA0CEE2B1D6B79B900ABB682 /* LocationSearchTable.swift in Sources */,
				AAED90B41CF3B7E3006C4EFE /* Constants.swift in Sources */,
				AA57FC0F1D42E28300DB76F0 /* EditProfileVC.swift in Sources */,
				AA46A47F1D93A1E500F9CC9C /* EditEventVC.swift in Sources */,
				AAFAB8B41D827F8F003B5423 /* CustomSearchController.swift in Sources */,
				AAFAB8A91D7F98D4003B5423 /* ContactSearchTable.swift in Sources */,
				AAED90B61CF3BD99006C4EFE /* MaterialButton.swift in Sources */,
				AADD4CFB1DC40DA9007E2D2C /* EditEventMapByTouchVC.swift in Sources */,
				AA8EB0321CF55D3000B5E542 /* Post.swift in Sources */,
				AA922ACA1DA33270002550F3 /* Notification.swift in Sources */,
				AABC312A1D582D48002F8216 /* ImageShowVC.swift in Sources */,
				AA1E7FC01D1B5EA40035EF2C /* CommentCell.swift in Sources */,
				AAFAB8A71D7E35A7003B5423 /* EventComment.swift in Sources */,
				AA60E0B51D62C83400321FF2 /* Run.swift in Sources */,
				AAFAB8A51D7E3439003B5423 /* EventCommentCell.swift in Sources */,
				AAFAB8A31D7E33CF003B5423 /* EventCommentVC.swift in Sources */,
				AA8845951D6D725C00785AC9 /* Event.swift in Sources */,
				AA5FEC5F1D340CB2002EA1CF /* ContactsVC.swift in Sources */,
				AA3FBD1D1DC016990048051A /* EventMapByTouchVC.swift in Sources */,
				AAAB3BBC1DA5766000396920 /* NotificationCell.swift in Sources */,
			);
			runOnlyForDeploymentPostprocessing = 0;
		};
/* End PBXSourcesBuildPhase section */

/* Begin PBXVariantGroup section */
		AA60F5631CEFFEC8007B215D /* LaunchScreen.storyboard */ = {
			isa = PBXVariantGroup;
			children = (
				AA60F5641CEFFEC8007B215D /* Base */,
			);
			name = LaunchScreen.storyboard;
			sourceTree = "<group>";
		};
		AA74BABB1D18B74F0069E11F /* Main.storyboard */ = {
			isa = PBXVariantGroup;
			children = (
				AA74BABC1D18B74F0069E11F /* Base */,
			);
			name = Main.storyboard;
			sourceTree = "<group>";
		};
/* End PBXVariantGroup section */

/* Begin XCBuildConfiguration section */
		AA60F5671CEFFEC8007B215D /* Debug */ = {
			isa = XCBuildConfiguration;
			buildSettings = {
				ALWAYS_SEARCH_USER_PATHS = NO;
				CLANG_ANALYZER_LOCALIZABILITY_NONLOCALIZED = YES;
				CLANG_ANALYZER_NONNULL = YES;
				CLANG_CXX_LANGUAGE_STANDARD = "gnu++0x";
				CLANG_CXX_LIBRARY = "libc++";
				CLANG_ENABLE_MODULES = YES;
				CLANG_ENABLE_OBJC_ARC = YES;
				CLANG_WARN_BLOCK_CAPTURE_AUTORELEASING = YES;
				CLANG_WARN_BOOL_CONVERSION = YES;
				CLANG_WARN_COMMA = YES;
				CLANG_WARN_CONSTANT_CONVERSION = YES;
				CLANG_WARN_DEPRECATED_OBJC_IMPLEMENTATIONS = YES;
				CLANG_WARN_DIRECT_OBJC_ISA_USAGE = YES_ERROR;
				CLANG_WARN_EMPTY_BODY = YES;
				CLANG_WARN_ENUM_CONVERSION = YES;
				CLANG_WARN_INFINITE_RECURSION = YES;
				CLANG_WARN_INT_CONVERSION = YES;
				CLANG_WARN_NON_LITERAL_NULL_CONVERSION = YES;
				CLANG_WARN_OBJC_IMPLICIT_RETAIN_SELF = YES;
				CLANG_WARN_OBJC_LITERAL_CONVERSION = YES;
				CLANG_WARN_OBJC_ROOT_CLASS = YES_ERROR;
				CLANG_WARN_RANGE_LOOP_ANALYSIS = YES;
				CLANG_WARN_STRICT_PROTOTYPES = YES;
				CLANG_WARN_SUSPICIOUS_MOVE = YES;
				CLANG_WARN_UNREACHABLE_CODE = YES;
				CLANG_WARN__DUPLICATE_METHOD_MATCH = YES;
				CODE_SIGN_IDENTITY = "iPhone Developer";
				"CODE_SIGN_IDENTITY[sdk=iphoneos*]" = "iPhone Developer";
				COPY_PHASE_STRIP = NO;
				DEBUG_INFORMATION_FORMAT = dwarf;
				ENABLE_BITCODE = NO;
				ENABLE_STRICT_OBJC_MSGSEND = YES;
				ENABLE_TESTABILITY = YES;
				GCC_C_LANGUAGE_STANDARD = gnu99;
				GCC_DYNAMIC_NO_PIC = NO;
				GCC_NO_COMMON_BLOCKS = YES;
				GCC_OPTIMIZATION_LEVEL = 0;
				GCC_PREPROCESSOR_DEFINITIONS = (
					"DEBUG=1",
					"$(inherited)",
				);
				GCC_WARN_64_TO_32_BIT_CONVERSION = YES;
				GCC_WARN_ABOUT_RETURN_TYPE = YES_ERROR;
				GCC_WARN_UNDECLARED_SELECTOR = YES;
				GCC_WARN_UNINITIALIZED_AUTOS = YES_AGGRESSIVE;
				GCC_WARN_UNUSED_FUNCTION = YES;
				GCC_WARN_UNUSED_VARIABLE = YES;
				IPHONEOS_DEPLOYMENT_TARGET = 9.3;
				MTL_ENABLE_DEBUG_INFO = YES;
				ONLY_ACTIVE_ARCH = YES;
				SDKROOT = iphoneos;
				SWIFT_OPTIMIZATION_LEVEL = "-Onone";
				TARGETED_DEVICE_FAMILY = "1,2";
			};
			name = Debug;
		};
		AA60F5681CEFFEC8007B215D /* Release */ = {
			isa = XCBuildConfiguration;
			buildSettings = {
				ALWAYS_SEARCH_USER_PATHS = NO;
				CLANG_ANALYZER_LOCALIZABILITY_NONLOCALIZED = YES;
				CLANG_ANALYZER_NONNULL = YES;
				CLANG_CXX_LANGUAGE_STANDARD = "gnu++0x";
				CLANG_CXX_LIBRARY = "libc++";
				CLANG_ENABLE_MODULES = YES;
				CLANG_ENABLE_OBJC_ARC = YES;
				CLANG_WARN_BLOCK_CAPTURE_AUTORELEASING = YES;
				CLANG_WARN_BOOL_CONVERSION = YES;
				CLANG_WARN_COMMA = YES;
				CLANG_WARN_CONSTANT_CONVERSION = YES;
				CLANG_WARN_DEPRECATED_OBJC_IMPLEMENTATIONS = YES;
				CLANG_WARN_DIRECT_OBJC_ISA_USAGE = YES_ERROR;
				CLANG_WARN_EMPTY_BODY = YES;
				CLANG_WARN_ENUM_CONVERSION = YES;
				CLANG_WARN_INFINITE_RECURSION = YES;
				CLANG_WARN_INT_CONVERSION = YES;
				CLANG_WARN_NON_LITERAL_NULL_CONVERSION = YES;
				CLANG_WARN_OBJC_IMPLICIT_RETAIN_SELF = YES;
				CLANG_WARN_OBJC_LITERAL_CONVERSION = YES;
				CLANG_WARN_OBJC_ROOT_CLASS = YES_ERROR;
				CLANG_WARN_RANGE_LOOP_ANALYSIS = YES;
				CLANG_WARN_STRICT_PROTOTYPES = YES;
				CLANG_WARN_SUSPICIOUS_MOVE = YES;
				CLANG_WARN_UNREACHABLE_CODE = YES;
				CLANG_WARN__DUPLICATE_METHOD_MATCH = YES;
				CODE_SIGN_IDENTITY = "iPhone Distribution";
				"CODE_SIGN_IDENTITY[sdk=iphoneos*]" = "iPhone Distribution";
				COPY_PHASE_STRIP = NO;
				DEBUG_INFORMATION_FORMAT = "dwarf-with-dsym";
				ENABLE_BITCODE = NO;
				ENABLE_NS_ASSERTIONS = NO;
				ENABLE_STRICT_OBJC_MSGSEND = YES;
				GCC_C_LANGUAGE_STANDARD = gnu99;
				GCC_NO_COMMON_BLOCKS = YES;
				GCC_WARN_64_TO_32_BIT_CONVERSION = YES;
				GCC_WARN_ABOUT_RETURN_TYPE = YES_ERROR;
				GCC_WARN_UNDECLARED_SELECTOR = YES;
				GCC_WARN_UNINITIALIZED_AUTOS = YES_AGGRESSIVE;
				GCC_WARN_UNUSED_FUNCTION = YES;
				GCC_WARN_UNUSED_VARIABLE = YES;
				IPHONEOS_DEPLOYMENT_TARGET = 9.3;
				MTL_ENABLE_DEBUG_INFO = NO;
				SDKROOT = iphoneos;
				SWIFT_OPTIMIZATION_LEVEL = "-Owholemodule";
				TARGETED_DEVICE_FAMILY = "1,2";
				VALIDATE_PRODUCT = YES;
			};
			name = Release;
		};
		AA60F56A1CEFFEC8007B215D /* Debug */ = {
			isa = XCBuildConfiguration;
			baseConfigurationReference = 8E939FCC00DCD815771D58E7 /* Pods-pickup.debug.xcconfig */;
			buildSettings = {
				ASSETCATALOG_COMPILER_APPICON_NAME = AppIcon;
				CLANG_ENABLE_MODULES = YES;
				CODE_SIGN_IDENTITY = "iPhone Distribution";
				"CODE_SIGN_IDENTITY[sdk=iphoneos*]" = "iPhone Developer";
				CODE_SIGN_STYLE = Manual;
				DEVELOPMENT_TEAM = ZFRU6SA44A;
				ENABLE_BITCODE = NO;
				FRAMEWORK_SEARCH_PATHS = (
					"$(inherited)",
					"$(PROJECT_DIR)",
					"/Users/christian/Documents/Games_Reskinning/ios-dev/pickup/FacebookSDK",
				);
				INFOPLIST_FILE = pickup/Info.plist;
				LD_RUNPATH_SEARCH_PATHS = "$(inherited) @executable_path/Frameworks";
				PRODUCT_BUNDLE_IDENTIFIER = com.poquito.pickup;
				PRODUCT_NAME = "$(TARGET_NAME)";
				PROVISIONING_PROFILE = "fb15758d-96a0-4fa1-b955-34771155cba1";
				PROVISIONING_PROFILE_SPECIFIER = "Dev com.poquito.pickup";
				SWIFT_OBJC_BRIDGING_HEADER = "pickup/pickup-Bridging-Header.h";
				SWIFT_OPTIMIZATION_LEVEL = "-Onone";
				SWIFT_SWIFT3_OBJC_INFERENCE = On;
				SWIFT_VERSION = 4.2;
				TARGETED_DEVICE_FAMILY = "1,2";
			};
			name = Debug;
		};
		AA60F56B1CEFFEC8007B215D /* Release */ = {
			isa = XCBuildConfiguration;
			baseConfigurationReference = 21CB840AF98FDFB7288423B5 /* Pods-pickup.release.xcconfig */;
			buildSettings = {
				ASSETCATALOG_COMPILER_APPICON_NAME = AppIcon;
				CLANG_ENABLE_MODULES = YES;
				CODE_SIGN_IDENTITY = "iPhone Distribution: Christian Landa (ZFRU6SA44A)";
				"CODE_SIGN_IDENTITY[sdk=iphoneos*]" = "iPhone Distribution";
				CODE_SIGN_STYLE = Manual;
				DEVELOPMENT_TEAM = ZFRU6SA44A;
				ENABLE_BITCODE = NO;
				FRAMEWORK_SEARCH_PATHS = (
					"$(inherited)",
					"$(PROJECT_DIR)",
					"/Users/christian/Documents/Games_Reskinning/ios-dev/pickup/FacebookSDK",
				);
				INFOPLIST_FILE = pickup/Info.plist;
				LD_RUNPATH_SEARCH_PATHS = "$(inherited) @executable_path/Frameworks";
				PRODUCT_BUNDLE_IDENTIFIER = com.poquito.pickup;
				PRODUCT_NAME = "$(TARGET_NAME)";
				PROVISIONING_PROFILE = "fb15758d-96a0-4fa1-b955-34771155cba1";
				PROVISIONING_PROFILE_SPECIFIER = "XC: com.poquito.pickup";
				SWIFT_OBJC_BRIDGING_HEADER = "pickup/pickup-Bridging-Header.h";
				SWIFT_SWIFT3_OBJC_INFERENCE = On;
				SWIFT_VERSION = 4.2;
				TARGETED_DEVICE_FAMILY = "1,2";
			};
			name = Release;
		};
/* End XCBuildConfiguration section */

/* Begin XCConfigurationList section */
		AA60F5521CEFFEC8007B215D /* Build configuration list for PBXProject "pickup" */ = {
			isa = XCConfigurationList;
			buildConfigurations = (
				AA60F5671CEFFEC8007B215D /* Debug */,
				AA60F5681CEFFEC8007B215D /* Release */,
			);
			defaultConfigurationIsVisible = 0;
			defaultConfigurationName = Release;
		};
		AA60F5691CEFFEC8007B215D /* Build configuration list for PBXNativeTarget "pickup" */ = {
			isa = XCConfigurationList;
			buildConfigurations = (
				AA60F56A1CEFFEC8007B215D /* Debug */,
				AA60F56B1CEFFEC8007B215D /* Release */,
			);
			defaultConfigurationIsVisible = 0;
			defaultConfigurationName = Release;
		};
/* End XCConfigurationList section */

/* Begin XCVersionGroup section */
		AA60E0B81D62C93900321FF2 /* PickUp.xcdatamodeld */ = {
			isa = XCVersionGroup;
			children = (
				AA60E0B91D62C93900321FF2 /* PickUp.xcdatamodel */,
			);
			currentVersion = AA60E0B91D62C93900321FF2 /* PickUp.xcdatamodel */;
			path = PickUp.xcdatamodeld;
			sourceTree = "<group>";
			versionGroupType = wrapper.xcdatamodel;
		};
/* End XCVersionGroup section */
	};
	rootObject = AA60F54F1CEFFEC8007B215D /* Project object */;
}
